// !$*UTF8*$!
{
	archiveVersion = 1;
	classes = {
	};
	objectVersion = 50;
	objects = {

/* Begin PBXBuildFile section */
		B15A23332C21876E00FCE304 /* AppDelegate.swift in Sources */ = {isa = PBXBuildFile; fileRef = B15A23322C21876E00FCE304 /* AppDelegate.swift */; };
		B15A23352C21876E00FCE304 /* SceneDelegate.swift in Sources */ = {isa = PBXBuildFile; fileRef = B15A23342C21876E00FCE304 /* SceneDelegate.swift */; };
		B15A23372C21876E00FCE304 /* ViewController.swift in Sources */ = {isa = PBXBuildFile; fileRef = B15A23362C21876E00FCE304 /* ViewController.swift */; };
		B15A233C2C21876E00FCE304 /* Assets.xcassets in Resources */ = {isa = PBXBuildFile; fileRef = B15A233B2C21876E00FCE304 /* Assets.xcassets */; };
		B15A233F2C21876E00FCE304 /* LaunchScreen.storyboard in Resources */ = {isa = PBXBuildFile; fileRef = B15A233D2C21876E00FCE304 /* LaunchScreen.storyboard */; };
		B15A234A2C218C5500FCE304 /* EarthQuakeInfoVC.swift in Sources */ = {isa = PBXBuildFile; fileRef = B15A23492C218C5500FCE304 /* EarthQuakeInfoVC.swift */; };
		B15A234D2C218E3400FCE304 /* MapVC.swift in Sources */ = {isa = PBXBuildFile; fileRef = B15A234C2C218E3400FCE304 /* MapVC.swift */; };
/* End PBXBuildFile section */

/* Begin PBXFileReference section */
		B15A232F2C21876E00FCE304 /* EarthQuakeApp_Ijaza.app */ = {isa = PBXFileReference; explicitFileType = wrapper.application; includeInIndex = 0; path = EarthQuakeApp_Ijaza.app; sourceTree = BUILT_PRODUCTS_DIR; };
		B15A23322C21876E00FCE304 /* AppDelegate.swift */ = {isa = PBXFileReference; lastKnownFileType = sourcecode.swift; path = AppDelegate.swift; sourceTree = "<group>"; };
		B15A23342C21876E00FCE304 /* SceneDelegate.swift */ = {isa = PBXFileReference; lastKnownFileType = sourcecode.swift; path = SceneDelegate.swift; sourceTree = "<group>"; };
		B15A23362C21876E00FCE304 /* ViewController.swift */ = {isa = PBXFileReference; lastKnownFileType = sourcecode.swift; path = ViewController.swift; sourceTree = "<group>"; };
		B15A233B2C21876E00FCE304 /* Assets.xcassets */ = {isa = PBXFileReference; lastKnownFileType = folder.assetcatalog; path = Assets.xcassets; sourceTree = "<group>"; };
		B15A233E2C21876E00FCE304 /* Base */ = {isa = PBXFileReference; lastKnownFileType = file.storyboard; name = Base; path = Base.lproj/LaunchScreen.storyboard; sourceTree = "<group>"; };
		B15A23402C21876E00FCE304 /* Info.plist */ = {isa = PBXFileReference; lastKnownFileType = text.plist.xml; path = Info.plist; sourceTree = "<group>"; };
		B15A23492C218C5500FCE304 /* EarthQuakeInfoVC.swift */ = {isa = PBXFileReference; lastKnownFileType = sourcecode.swift; path = EarthQuakeInfoVC.swift; sourceTree = "<group>"; };
		B15A234C2C218E3400FCE304 /* MapVC.swift */ = {isa = PBXFileReference; lastKnownFileType = sourcecode.swift; path = MapVC.swift; sourceTree = "<group>"; };
/* End PBXFileReference section */

/* Begin PBXFrameworksBuildPhase section */
		B15A232C2C21876E00FCE304 /* Frameworks */ = {
			isa = PBXFrameworksBuildPhase;
			buildActionMask = 2147483647;
			files = (
			);
			runOnlyForDeploymentPostprocessing = 0;
		};
/* End PBXFrameworksBuildPhase section */

/* Begin PBXGroup section */
		B15A23262C21876E00FCE304 = {
			isa = PBXGroup;
			children = (
				B15A23312C21876E00FCE304 /* EarthQuakeApp_Ijaza */,
				B15A23302C21876E00FCE304 /* Products */,
			);
			sourceTree = "<group>";
		};
		B15A23302C21876E00FCE304 /* Products */ = {
			isa = PBXGroup;
			children = (
				B15A232F2C21876E00FCE304 /* EarthQuakeApp_Ijaza.app */,
			);
			name = Products;
			sourceTree = "<group>";
		};
		B15A23312C21876E00FCE304 /* EarthQuakeApp_Ijaza */ = {
			isa = PBXGroup;
			children = (
				B15A23322C21876E00FCE304 /* AppDelegate.swift */,
				B15A23342C21876E00FCE304 /* SceneDelegate.swift */,
				B15A23362C21876E00FCE304 /* ViewController.swift */,
				B15A233B2C21876E00FCE304 /* Assets.xcassets */,
				B15A233D2C21876E00FCE304 /* LaunchScreen.storyboard */,
				B15A23402C21876E00FCE304 /* Info.plist */,
				B15A23492C218C5500FCE304 /* EarthQuakeInfoVC.swift */,
				B15A234C2C218E3400FCE304 /* MapVC.swift */,
			);
			path = EarthQuakeApp_Ijaza;
			sourceTree = "<group>";
		};
/* End PBXGroup section */

/* Begin PBXNativeTarget section */
		B15A232E2C21876E00FCE304 /* EarthQuakeApp_Ijaza */ = {
			isa = PBXNativeTarget;
			buildConfigurationList = B15A23432C21876E00FCE304 /* Build configuration list for PBXNativeTarget "EarthQuakeApp_Ijaza" */;
			buildPhases = (
				B15A232B2C21876E00FCE304 /* Sources */,
				B15A232C2C21876E00FCE304 /* Frameworks */,
				B15A232D2C21876E00FCE304 /* Resources */,
			);
			buildRules = (
			);
			dependencies = (
			);
			name = EarthQuakeApp_Ijaza;
			productName = EarthQuakeApp_Ijaza;
			productReference = B15A232F2C21876E00FCE304 /* EarthQuakeApp_Ijaza.app */;
			productType = "com.apple.product-type.application";
		};
/* End PBXNativeTarget section */

/* Begin PBXProject section */
		B15A23272C21876E00FCE304 /* Project object */ = {
			isa = PBXProject;
			attributes = {
				LastSwiftUpdateCheck = 1200;
				LastUpgradeCheck = 1200;
				TargetAttributes = {
					B15A232E2C21876E00FCE304 = {
						CreatedOnToolsVersion = 12.0.1;
					};
				};
			};
			buildConfigurationList = B15A232A2C21876E00FCE304 /* Build configuration list for PBXProject "EarthQuakeApp_Ijaza" */;
			compatibilityVersion = "Xcode 9.3";
			developmentRegion = en;
			hasScannedForEncodings = 0;
			knownRegions = (
				en,
				Base,
			);
			mainGroup = B15A23262C21876E00FCE304;
			productRefGroup = B15A23302C21876E00FCE304 /* Products */;
			projectDirPath = "";
			projectRoot = "";
			targets = (
				B15A232E2C21876E00FCE304 /* EarthQuakeApp_Ijaza */,
			);
		};
/* End PBXProject section */

/* Begin PBXResourcesBuildPhase section */
		B15A232D2C21876E00FCE304 /* Resources */ = {
			isa = PBXResourcesBuildPhase;
			buildActionMask = 2147483647;
			files = (
				B15A233F2C21876E00FCE304 /* LaunchScreen.storyboard in Resources */,
				B15A233C2C21876E00FCE304 /* Assets.xcassets in Resources */,
			);
			runOnlyForDeploymentPostprocessing = 0;
		};
/* End PBXResourcesBuildPhase section */

/* Begin PBXSourcesBuildPhase section */
		B15A232B2C21876E00FCE304 /* Sources */ = {
			isa = PBXSourcesBuildPhase;
			buildActionMask = 2147483647;
			files = (
				B15A234D2C218E3400FCE304 /* MapVC.swift in Sources */,
				B15A23372C21876E00FCE304 /* ViewController.swift in Sources */,
				B15A234A2C218C5500FCE304 /* EarthQuakeInfoVC.swift in Sources */,
				B15A23332C21876E00FCE304 /* AppDelegate.swift in Sources */,
				B15A23352C21876E00FCE304 /* SceneDelegate.swift in Sources */,
			);
			runOnlyForDeploymentPostprocessing = 0;
		};
/* End PBXSourcesBuildPhase section */

/* Begin PBXVariantGroup section */
		B15A233D2C21876E00FCE304 /* LaunchScreen.storyboard */ = {
			isa = PBXVariantGroup;
			children = (
				B15A233E2C21876E00FCE304 /* Base */,
			);
			name = LaunchScreen.storyboard;
			sourceTree = "<group>";
		};
/* End PBXVariantGroup section */

/* Begin XCBuildConfiguration section */
		B15A23412C21876E00FCE304 /* Debug */ = {
			isa = XCBuildConfiguration;
			buildSettings = {
				ALWAYS_SEARCH_USER_PATHS = NO;
				CLANG_ANALYZER_NONNULL = YES;
				CLANG_ANALYZER_NUMBER_OBJECT_CONVERSION = YES_AGGRESSIVE;
				CLANG_CXX_LANGUAGE_STANDARD = "gnu++14";
				CLANG_CXX_LIBRARY = "libc++";
				CLANG_ENABLE_MODULES = YES;
				CLANG_ENABLE_OBJC_ARC = YES;
				CLANG_ENABLE_OBJC_WEAK = YES;
				CLANG_WARN_BLOCK_CAPTURE_AUTORELEASING = YES;
				CLANG_WARN_BOOL_CONVERSION = YES;
				CLANG_WARN_COMMA = YES;
				CLANG_WARN_CONSTANT_CONVERSION = YES;
				CLANG_WARN_DEPRECATED_OBJC_IMPLEMENTATIONS = YES;
				CLANG_WARN_DIRECT_OBJC_ISA_USAGE = YES_ERROR;
				CLANG_WARN_DOCUMENTATION_COMMENTS = YES;
				CLANG_WARN_EMPTY_BODY = YES;
				CLANG_WARN_ENUM_CONVERSION = YES;
				CLANG_WARN_INFINITE_RECURSION = YES;
				CLANG_WARN_INT_CONVERSION = YES;
				CLANG_WARN_NON_LITERAL_NULL_CONVERSION = YES;
				CLANG_WARN_OBJC_IMPLICIT_RETAIN_SELF = YES;
				CLANG_WARN_OBJC_LITERAL_CONVERSION = YES;
				CLANG_WARN_OBJC_ROOT_CLASS = YES_ERROR;
				CLANG_WARN_QUOTED_INCLUDE_IN_FRAMEWORK_HEADER = YES;
				CLANG_WARN_RANGE_LOOP_ANALYSIS = YES;
				CLANG_WARN_STRICT_PROTOTYPES = YES;
				CLANG_WARN_SUSPICIOUS_MOVE = YES;
				CLANG_WARN_UNGUARDED_AVAILABILITY = YES_AGGRESSIVE;
				CLANG_WARN_UNREACHABLE_CODE = YES;
				CLANG_WARN__DUPLICATE_METHOD_MATCH = YES;
				COPY_PHASE_STRIP = NO;
				DEBUG_INFORMATION_FORMAT = dwarf;
				ENABLE_STRICT_OBJC_MSGSEND = YES;
				ENABLE_TESTABILITY = YES;
				GCC_C_LANGUAGE_STANDARD = gnu11;
				GCC_DYNAMIC_NO_PIC = NO;
				GCC_NO_COMMON_BLOCKS = YES;
				GCC_OPTIMIZATION_LEVEL = 0;
				GCC_PREPROCESSOR_DEFINITIONS = (
					"DEBUG=1",
					"$(inherited)",
				);
				GCC_WARN_64_TO_32_BIT_CONVERSION = YES;
				GCC_WARN_ABOUT_RETURN_TYPE = YES_ERROR;
				GCC_WARN_UNDECLARED_SELECTOR = YES;
				GCC_WARN_UNINITIALIZED_AUTOS = YES_AGGRESSIVE;
				GCC_WARN_UNUSED_FUNCTION = YES;
				GCC_WARN_UNUSED_VARIABLE = YES;
				IPHONEOS_DEPLOYMENT_TARGET = 14.0;
				MTL_ENABLE_DEBUG_INFO = INCLUDE_SOURCE;
				MTL_FAST_MATH = YES;
				ONLY_ACTIVE_ARCH = YES;
				SDKROOT = iphoneos;
				SWIFT_ACTIVE_COMPILATION_CONDITIONS = DEBUG;
				SWIFT_OPTIMIZATION_LEVEL = "-Onone";
			};
			name = Debug;
		};
		B15A23422C21876E00FCE304 /* Release */ = {
			isa = XCBuildConfiguration;
			buildSettings = {
				ALWAYS_SEARCH_USER_PATHS = NO;
				CLANG_ANALYZER_NONNULL = YES;
				CLANG_ANALYZER_NUMBER_OBJECT_CONVERSION = YES_AGGRESSIVE;
				CLANG_CXX_LANGUAGE_STANDARD = "gnu++14";
				CLANG_CXX_LIBRARY = "libc++";
				CLANG_ENABLE_MODULES = YES;
				CLANG_ENABLE_OBJC_ARC = YES;
				CLANG_ENABLE_OBJC_WEAK = YES;
				CLANG_WARN_BLOCK_CAPTURE_AUTORELEASING = YES;
				CLANG_WARN_BOOL_CONVERSION = YES;
				CLANG_WARN_COMMA = YES;
				CLANG_WARN_CONSTANT_CONVERSION = YES;
				CLANG_WARN_DEPRECATED_OBJC_IMPLEMENTATIONS = YES;
				CLANG_WARN_DIRECT_OBJC_ISA_USAGE = YES_ERROR;
				CLANG_WARN_DOCUMENTATION_COMMENTS = YES;
				CLANG_WARN_EMPTY_BODY = YES;
				CLANG_WARN_ENUM_CONVERSION = YES;
				CLANG_WARN_INFINITE_RECURSION = YES;
				CLANG_WARN_INT_CONVERSION = YES;
				CLANG_WARN_NON_LITERAL_NULL_CONVERSION = YES;
				CLANG_WARN_OBJC_IMPLICIT_RETAIN_SELF = YES;
				CLANG_WARN_OBJC_LITERAL_CONVERSION = YES;
				CLANG_WARN_OBJC_ROOT_CLASS = YES_ERROR;
				CLANG_WARN_QUOTED_INCLUDE_IN_FRAMEWORK_HEADER = YES;
				CLANG_WARN_RANGE_LOOP_ANALYSIS = YES;
				CLANG_WARN_STRICT_PROTOTYPES = YES;
				CLANG_WARN_SUSPICIOUS_MOVE = YES;
				CLANG_WARN_UNGUARDED_AVAILABILITY = YES_AGGRESSIVE;
				CLANG_WARN_UNREACHABLE_CODE = YES;
				CLANG_WARN__DUPLICATE_METHOD_MATCH = YES;
				COPY_PHASE_STRIP = NO;
				DEBUG_INFORMATION_FORMAT = "dwarf-with-dsym";
				ENABLE_NS_ASSERTIONS = NO;
				ENABLE_STRICT_OBJC_MSGSEND = YES;
				GCC_C_LANGUAGE_STANDARD = gnu11;
				GCC_NO_COMMON_BLOCKS = YES;
				GCC_WARN_64_TO_32_BIT_CONVERSION = YES;
				GCC_WARN_ABOUT_RETURN_TYPE = YES_ERROR;
				GCC_WARN_UNDECLARED_SELECTOR = YES;
				GCC_WARN_UNINITIALIZED_AUTOS = YES_AGGRESSIVE;
				GCC_WARN_UNUSED_FUNCTION = YES;
				GCC_WARN_UNUSED_VARIABLE = YES;
				IPHONEOS_DEPLOYMENT_TARGET = 14.0;
				MTL_ENABLE_DEBUG_INFO = NO;
				MTL_FAST_MATH = YES;
				SDKROOT = iphoneos;
				SWIFT_COMPILATION_MODE = wholemodule;
				SWIFT_OPTIMIZATION_LEVEL = "-O";
				VALIDATE_PRODUCT = YES;
			};
			name = Release;
		};
		B15A23442C21876E00FCE304 /* Debug */ = {
			isa = XCBuildConfiguration;
			buildSettings = {
				ASSETCATALOG_COMPILER_APPICON_NAME = AppIcon;
				ASSETCATALOG_COMPILER_GLOBAL_ACCENT_COLOR_NAME = AccentColor;
				CODE_SIGN_STYLE = Automatic;
				INFOPLIST_FILE = EarthQuakeApp_Ijaza/Info.plist;
				LD_RUNPATH_SEARCH_PATHS = (
					"$(inherited)",
					"@executable_path/Frameworks",
				);
				PRODUCT_BUNDLE_IDENTIFIER = "com.ijaza.UIKitLearning.EarthQuakeApp-Ijaza";
				PRODUCT_NAME = "$(TARGET_NAME)";
				SWIFT_VERSION = 5.0;
				TARGETED_DEVICE_FAMILY = "1,2";
			};
			name = Debug;
		};
		B15A23452C21876E00FCE304 /* Release */ = {
			isa = XCBuildConfiguration;
			buildSettings = {
				ASSETCATALOG_COMPILER_APPICON_NAME = AppIcon;
				ASSETCATALOG_COMPILER_GLOBAL_ACCENT_COLOR_NAME = AccentColor;
				CODE_SIGN_STYLE = Automatic;
				INFOPLIST_FILE = EarthQuakeApp_Ijaza/Info.plist;
				LD_RUNPATH_SEARCH_PATHS = (
					"$(inherited)",
					"@executable_path/Frameworks",
				);
				PRODUCT_BUNDLE_IDENTIFIER = "com.ijaza.UIKitLearning.EarthQuakeApp-Ijaza";
				PRODUCT_NAME = "$(TARGET_NAME)";
				SWIFT_VERSION = 5.0;
				TARGETED_DEVICE_FAMILY = "1,2";
			};
			name = Release;
		};
/* End XCBuildConfiguration section */

/* Begin XCConfigurationList section */
		B15A232A2C21876E00FCE304 /* Build configuration list for PBXProject "EarthQuakeApp_Ijaza" */ = {
			isa = XCConfigurationList;
			buildConfigurations = (
				B15A23412C21876E00FCE304 /* Debug */,
				B15A23422C21876E00FCE304 /* Release */,
			);
			defaultConfigurationIsVisible = 0;
			defaultConfigurationName = Release;
		};
		B15A23432C21876E00FCE304 /* Build configuration list for PBXNativeTarget "EarthQuakeApp_Ijaza" */ = {
			isa = XCConfigurationList;
			buildConfigurations = (
				B15A23442C21876E00FCE304 /* Debug */,
				B15A23452C21876E00FCE304 /* Release */,
			);
			defaultConfigurationIsVisible = 0;
			defaultConfigurationName = Release;
		};
/* End XCConfigurationList section */
	};
	rootObject = B15A23272C21876E00FCE304 /* Project object */;
}
